
Microsoft Visual Studio Solution File, Format Version 12.00
# Visual Studio Version 16
VisualStudioVersion = 16.0.33529.622
MinimumVisualStudioVersion = 10.0.40219.1
Project("{F184B08F-C81C-45F6-A57F-5ABD9991F28F}") = "ClientAPIMahasiswa", "ClientAPIMahasiswa.vbproj", "{B2F62861-6BB1-4D00-A712-7C35097AA52E}"
EndProject
Global
	GlobalSection(SolutionConfigurationPlatforms) = preSolution
		Debug|Any CPU = Debug|Any CPU
		Release|Any CPU = Release|Any CPU
	EndGlobalSection
	GlobalSection(ProjectConfigurationPlatforms) = postSolution
		{B2F62861-6BB1-4D00-A712-7C35097AA52E}.Debug|Any CPU.ActiveCfg = Debug|Any CPU
		{B2F62861-6BB1-4D00-A712-7C35097AA52E}.Debug|Any CPU.Build.0 = Debug|Any CPU
		{B2F62861-6BB1-4D00-A712-7C35097AA52E}.Release|Any CPU.ActiveCfg = Release|Any CPU
		{B2F62861-6BB1-4D00-A712-7C35097AA52E}.Release|Any CPU.Build.0 = Release|Any CPU
	EndGlobalSection
	GlobalSection(SolutionProperties) = preSolution
		HideSolutionNode = FALSE
	EndGlobalSection
	GlobalSection(ExtensibilityGlobals) = postSolution
		SolutionGuid = {7CF08567-BC5B-49CB-89EC-981BB4DD9577}
	EndGlobalSection
EndGlobal
