
Microsoft Visual Studio Solution File, Format Version 12.00
# Visual Studio Version 16
VisualStudioVersion = 16.0.33529.622
MinimumVisualStudioVersion = 10.0.40219.1
Project("{F184B08F-C81C-45F6-A57F-5ABD9991F28F}") = "latihan8", "latihan8.vbproj", "{BBBCB3E7-7DF5-4536-AE4A-5F1C555BC1A6}"
EndProject
Global
	GlobalSection(SolutionConfigurationPlatforms) = preSolution
		Debug|Any CPU = Debug|Any CPU
		Release|Any CPU = Release|Any CPU
	EndGlobalSection
	GlobalSection(ProjectConfigurationPlatforms) = postSolution
		{BBBCB3E7-7DF5-4536-AE4A-5F1C555BC1A6}.Debug|Any CPU.ActiveCfg = Debug|Any CPU
		{BBBCB3E7-7DF5-4536-AE4A-5F1C555BC1A6}.Debug|Any CPU.Build.0 = Debug|Any CPU
		{BBBCB3E7-7DF5-4536-AE4A-5F1C555BC1A6}.Release|Any CPU.ActiveCfg = Release|Any CPU
		{BBBCB3E7-7DF5-4536-AE4A-5F1C555BC1A6}.Release|Any CPU.Build.0 = Release|Any CPU
	EndGlobalSection
	GlobalSection(SolutionProperties) = preSolution
		HideSolutionNode = FALSE
	EndGlobalSection
	GlobalSection(ExtensibilityGlobals) = postSolution
		SolutionGuid = {268589EA-EE83-4435-846B-A06856287666}
	EndGlobalSection
EndGlobal
